
Microsoft Visual Studio Solution File, Format Version 12.00
# Visual Studio Version 17
VisualStudioVersion = 17.13.35825.156 d17.13
MinimumVisualStudioVersion = 10.0.40219.1
Project("{FAE04EC0-301F-11D3-BF4B-00C04F79EFBC}") = "Final", "Final\Final.csproj", "{5335F290-14FD-4FAF-B99A-E9D06E8967E2}"
EndProject
Global
	GlobalSection(SolutionConfigurationPlatforms) = preSolution
		Debug|Any CPU = Debug|Any CPU
		Release|Any CPU = Release|Any CPU
	EndGlobalSection
	GlobalSection(ProjectConfigurationPlatforms) = postSolution
		{5335F290-14FD-4FAF-B99A-E9D06E8967E2}.Debug|Any CPU.ActiveCfg = Debug|Any CPU
		{5335F290-14FD-4FAF-B99A-E9D06E8967E2}.Debug|Any CPU.Build.0 = Debug|Any CPU
		{5335F290-14FD-4FAF-B99A-E9D06E8967E2}.Release|Any CPU.ActiveCfg = Release|Any CPU
		{5335F290-14FD-4FAF-B99A-E9D06E8967E2}.Release|Any CPU.Build.0 = Release|Any CPU
	EndGlobalSection
	GlobalSection(SolutionProperties) = preSolution
		HideSolutionNode = FALSE
	EndGlobalSection
	GlobalSection(ExtensibilityGlobals) = postSolution
		SolutionGuid = {7A175353-7EF9-4A49-836E-32B017FC8C6A}
	EndGlobalSection
EndGlobal
